
Microsoft Visual Studio Solution File, Format Version 12.00
Project("{FAE04EC0-301F-11D3-BF4B-00C04F79EFBC}") = "SocketUi", "SocketUi\SocketUi.csproj", "{BADBD94A-AB2F-433B-8088-FF26086D0A4F}"
EndProject
Global
	GlobalSection(SolutionConfigurationPlatforms) = preSolution
		Debug|Any CPU = Debug|Any CPU
		Release|Any CPU = Release|Any CPU
	EndGlobalSection
	GlobalSection(ProjectConfigurationPlatforms) = postSolution
		{BADBD94A-AB2F-433B-8088-FF26086D0A4F}.Debug|Any CPU.ActiveCfg = Debug|Any CPU
		{BADBD94A-AB2F-433B-8088-FF26086D0A4F}.Debug|Any CPU.Build.0 = Debug|Any CPU
		{BADBD94A-AB2F-433B-8088-FF26086D0A4F}.Release|Any CPU.ActiveCfg = Release|Any CPU
		{BADBD94A-AB2F-433B-8088-FF26086D0A4F}.Release|Any CPU.Build.0 = Release|Any CPU
	EndGlobalSection
EndGlobal
